
Microsoft Visual Studio Solution File, Format Version 12.00
# Visual Studio Version 17
VisualStudioVersion = 17.0.31912.275
MinimumVisualStudioVersion = 10.0.40219.1
Project("{FAE04EC0-301F-11D3-BF4B-00C04F79EFBC}") = "Program005", "Program005\Program005.csproj", "{DA36913F-D97F-4583-8799-B807D00E9B64}"
EndProject
Global
	GlobalSection(SolutionConfigurationPlatforms) = preSolution
		Debug|Any CPU = Debug|Any CPU
		Release|Any CPU = Release|Any CPU
	EndGlobalSection
	GlobalSection(ProjectConfigurationPlatforms) = postSolution
		{DA36913F-D97F-4583-8799-B807D00E9B64}.Debug|Any CPU.ActiveCfg = Debug|Any CPU
		{DA36913F-D97F-4583-8799-B807D00E9B64}.Debug|Any CPU.Build.0 = Debug|Any CPU
		{DA36913F-D97F-4583-8799-B807D00E9B64}.Release|Any CPU.ActiveCfg = Release|Any CPU
		{DA36913F-D97F-4583-8799-B807D00E9B64}.Release|Any CPU.Build.0 = Release|Any CPU
	EndGlobalSection
	GlobalSection(SolutionProperties) = preSolution
		HideSolutionNode = FALSE
	EndGlobalSection
	GlobalSection(ExtensibilityGlobals) = postSolution
		SolutionGuid = {4764BEA3-81DF-4061-BBEF-976DB6508F90}
	EndGlobalSection
EndGlobal
