
Microsoft Visual Studio Solution File, Format Version 12.00
# Visual Studio Version 17
VisualStudioVersion = 17.0.31912.275
MinimumVisualStudioVersion = 10.0.40219.1
Project("{FAE04EC0-301F-11D3-BF4B-00C04F79EFBC}") = "Program008", "Program008\Program008.csproj", "{73BCED8B-0B59-4C09-B6BA-BAB64218021E}"
EndProject
Global
	GlobalSection(SolutionConfigurationPlatforms) = preSolution
		Debug|Any CPU = Debug|Any CPU
		Release|Any CPU = Release|Any CPU
	EndGlobalSection
	GlobalSection(ProjectConfigurationPlatforms) = postSolution
		{73BCED8B-0B59-4C09-B6BA-BAB64218021E}.Debug|Any CPU.ActiveCfg = Debug|Any CPU
		{73BCED8B-0B59-4C09-B6BA-BAB64218021E}.Debug|Any CPU.Build.0 = Debug|Any CPU
		{73BCED8B-0B59-4C09-B6BA-BAB64218021E}.Release|Any CPU.ActiveCfg = Release|Any CPU
		{73BCED8B-0B59-4C09-B6BA-BAB64218021E}.Release|Any CPU.Build.0 = Release|Any CPU
	EndGlobalSection
	GlobalSection(SolutionProperties) = preSolution
		HideSolutionNode = FALSE
	EndGlobalSection
	GlobalSection(ExtensibilityGlobals) = postSolution
		SolutionGuid = {F422E44A-4C06-4A7E-875C-FAF681F43499}
	EndGlobalSection
EndGlobal
