
Microsoft Visual Studio Solution File, Format Version 12.00
# Visual Studio Version 17
VisualStudioVersion = 17.0.31912.275
MinimumVisualStudioVersion = 10.0.40219.1
Project("{FAE04EC0-301F-11D3-BF4B-00C04F79EFBC}") = "Program002", "Program002\Program002.csproj", "{389447A5-8717-4D0A-929B-2D5C4DD66819}"
EndProject
Global
	GlobalSection(SolutionConfigurationPlatforms) = preSolution
		Debug|Any CPU = Debug|Any CPU
		Release|Any CPU = Release|Any CPU
	EndGlobalSection
	GlobalSection(ProjectConfigurationPlatforms) = postSolution
		{389447A5-8717-4D0A-929B-2D5C4DD66819}.Debug|Any CPU.ActiveCfg = Debug|Any CPU
		{389447A5-8717-4D0A-929B-2D5C4DD66819}.Debug|Any CPU.Build.0 = Debug|Any CPU
		{389447A5-8717-4D0A-929B-2D5C4DD66819}.Release|Any CPU.ActiveCfg = Release|Any CPU
		{389447A5-8717-4D0A-929B-2D5C4DD66819}.Release|Any CPU.Build.0 = Release|Any CPU
	EndGlobalSection
	GlobalSection(SolutionProperties) = preSolution
		HideSolutionNode = FALSE
	EndGlobalSection
	GlobalSection(ExtensibilityGlobals) = postSolution
		SolutionGuid = {318B6FEA-03C5-4CD3-AE1E-024423996EE4}
	EndGlobalSection
EndGlobal
