
Microsoft Visual Studio Solution File, Format Version 12.00
# Visual Studio Version 17
VisualStudioVersion = 17.0.31912.275
MinimumVisualStudioVersion = 10.0.40219.1
Project("{FAE04EC0-301F-11D3-BF4B-00C04F79EFBC}") = "Program010", "Program010\Program010.csproj", "{5C38F699-DD45-4038-8689-B6D0291E56F8}"
EndProject
Global
	GlobalSection(SolutionConfigurationPlatforms) = preSolution
		Debug|Any CPU = Debug|Any CPU
		Release|Any CPU = Release|Any CPU
	EndGlobalSection
	GlobalSection(ProjectConfigurationPlatforms) = postSolution
		{5C38F699-DD45-4038-8689-B6D0291E56F8}.Debug|Any CPU.ActiveCfg = Debug|Any CPU
		{5C38F699-DD45-4038-8689-B6D0291E56F8}.Debug|Any CPU.Build.0 = Debug|Any CPU
		{5C38F699-DD45-4038-8689-B6D0291E56F8}.Release|Any CPU.ActiveCfg = Release|Any CPU
		{5C38F699-DD45-4038-8689-B6D0291E56F8}.Release|Any CPU.Build.0 = Release|Any CPU
	EndGlobalSection
	GlobalSection(SolutionProperties) = preSolution
		HideSolutionNode = FALSE
	EndGlobalSection
	GlobalSection(ExtensibilityGlobals) = postSolution
		SolutionGuid = {999DEFB7-1BE5-4EB4-BE17-EE7875823614}
	EndGlobalSection
EndGlobal
