
Microsoft Visual Studio Solution File, Format Version 12.00
# Visual Studio Version 17
VisualStudioVersion = 17.0.31912.275
MinimumVisualStudioVersion = 10.0.40219.1
Project("{FAE04EC0-301F-11D3-BF4B-00C04F79EFBC}") = "Program004", "Program004\Program004.csproj", "{D8E9B52F-249A-46FB-9414-B6D5073FD8AE}"
EndProject
Global
	GlobalSection(SolutionConfigurationPlatforms) = preSolution
		Debug|Any CPU = Debug|Any CPU
		Release|Any CPU = Release|Any CPU
	EndGlobalSection
	GlobalSection(ProjectConfigurationPlatforms) = postSolution
		{D8E9B52F-249A-46FB-9414-B6D5073FD8AE}.Debug|Any CPU.ActiveCfg = Debug|Any CPU
		{D8E9B52F-249A-46FB-9414-B6D5073FD8AE}.Debug|Any CPU.Build.0 = Debug|Any CPU
		{D8E9B52F-249A-46FB-9414-B6D5073FD8AE}.Release|Any CPU.ActiveCfg = Release|Any CPU
		{D8E9B52F-249A-46FB-9414-B6D5073FD8AE}.Release|Any CPU.Build.0 = Release|Any CPU
	EndGlobalSection
	GlobalSection(SolutionProperties) = preSolution
		HideSolutionNode = FALSE
	EndGlobalSection
	GlobalSection(ExtensibilityGlobals) = postSolution
		SolutionGuid = {2975A223-7D3A-4FE1-8698-6DE73C5AD558}
	EndGlobalSection
EndGlobal
